
Microsoft Visual Studio Solution File, Format Version 12.00
# Visual Studio Version 16
VisualStudioVersion = 16.0.31025.218
MinimumVisualStudioVersion = 10.0.40219.1
Project("{9A19103F-16F7-4668-BE54-9A1E7A4F7556}") = "SSB.Keys.Mnemonic", "SSB.Keys.Mnemonic\SSB.Keys.Mnemonic.csproj", "{484BD796-CB3B-4745-AA5A-CA9C405CB224}"
EndProject
Project("{2150E333-8FDC-42A3-9474-1A3956D46DE8}") = "Solution Items", "Solution Items", "{41DCA400-9561-4C8F-A237-D49C8204F5E5}"
	ProjectSection(SolutionItems) = preProject
		LICENSE.md = LICENSE.md
		README.md = README.md
	EndProjectSection
EndProject
Project("{9A19103F-16F7-4668-BE54-9A1E7A4F7556}") = "Tests", "Tests\Tests.csproj", "{D12E4FE3-4A73-40BD-9EEE-30DC1FD52175}"
EndProject
Project("{9A19103F-16F7-4668-BE54-9A1E7A4F7556}") = "Tests-GUI", "Tests-GUI\Tests-GUI.csproj", "{C3C05973-6127-43DF-8EFA-E7EC89E8E5A4}"
EndProject
Project("{9A19103F-16F7-4668-BE54-9A1E7A4F7556}") = "SSB.Keys.Mnemonic.CLI", "SSB.Keys.Mnemonic.CLI\SSB.Keys.Mnemonic.CLI.csproj", "{BD4BED2C-CED8-4367-ABF8-8469F079307C}"
EndProject
Global
	GlobalSection(SolutionConfigurationPlatforms) = preSolution
		Debug|Any CPU = Debug|Any CPU
		Release|Any CPU = Release|Any CPU
	EndGlobalSection
	GlobalSection(ProjectConfigurationPlatforms) = postSolution
		{484BD796-CB3B-4745-AA5A-CA9C405CB224}.Debug|Any CPU.ActiveCfg = Debug|Any CPU
		{484BD796-CB3B-4745-AA5A-CA9C405CB224}.Debug|Any CPU.Build.0 = Debug|Any CPU
		{484BD796-CB3B-4745-AA5A-CA9C405CB224}.Release|Any CPU.ActiveCfg = Release|Any CPU
		{484BD796-CB3B-4745-AA5A-CA9C405CB224}.Release|Any CPU.Build.0 = Release|Any CPU
		{D12E4FE3-4A73-40BD-9EEE-30DC1FD52175}.Debug|Any CPU.ActiveCfg = Debug|Any CPU
		{D12E4FE3-4A73-40BD-9EEE-30DC1FD52175}.Debug|Any CPU.Build.0 = Debug|Any CPU
		{D12E4FE3-4A73-40BD-9EEE-30DC1FD52175}.Release|Any CPU.ActiveCfg = Release|Any CPU
		{D12E4FE3-4A73-40BD-9EEE-30DC1FD52175}.Release|Any CPU.Build.0 = Release|Any CPU
		{C3C05973-6127-43DF-8EFA-E7EC89E8E5A4}.Debug|Any CPU.ActiveCfg = Debug|Any CPU
		{C3C05973-6127-43DF-8EFA-E7EC89E8E5A4}.Debug|Any CPU.Build.0 = Debug|Any CPU
		{C3C05973-6127-43DF-8EFA-E7EC89E8E5A4}.Release|Any CPU.ActiveCfg = Release|Any CPU
		{C3C05973-6127-43DF-8EFA-E7EC89E8E5A4}.Release|Any CPU.Build.0 = Release|Any CPU
		{BD4BED2C-CED8-4367-ABF8-8469F079307C}.Debug|Any CPU.ActiveCfg = Debug|Any CPU
		{BD4BED2C-CED8-4367-ABF8-8469F079307C}.Debug|Any CPU.Build.0 = Debug|Any CPU
		{BD4BED2C-CED8-4367-ABF8-8469F079307C}.Release|Any CPU.ActiveCfg = Release|Any CPU
		{BD4BED2C-CED8-4367-ABF8-8469F079307C}.Release|Any CPU.Build.0 = Release|Any CPU
	EndGlobalSection
	GlobalSection(SolutionProperties) = preSolution
		HideSolutionNode = FALSE
	EndGlobalSection
	GlobalSection(ExtensibilityGlobals) = postSolution
		SolutionGuid = {4F271A2D-5037-4C91-AFBD-FFF207D80860}
	EndGlobalSection
EndGlobal
